{
  "name": "NFTCredit",
  "lockfileVersion": 3,
  "requires": true,
  "packages": {
    "": {
      "dependencies": {
        "create-next-app": "^13.2.4"
      }
    },
    "node_modules/create-next-app": {
      "version": "13.2.4",
      "resolved": "https://registry.npmjs.org/create-next-app/-/create-next-app-13.2.4.tgz",
      "integrity": "sha512-x9wJUAdVA8VNCFeSipbmDdadiL8mdzryVK0688vIC4wXNksrGRO0XftUfgb56pLY43iDEhqkYlYSNKdLHRpGhg==",
      "bin": {
        "create-next-app": "dist/index.js"
      },
      "engines": {
        "node": ">=14.6.0"
      }
    }
  }
}
